schema: '2.0'
stages:
  train:
    cmd: python -m src.models.train
    deps:
    - path: params.yaml
      hash: md5
      md5: 93ac0c06691be3ff485c9434b4aff5ec
      size: 1184
    - path: src/models/train.py
      hash: md5
      md5: 724d9229c2644737208fcd37a406fa1d
      size: 8252
    outs:
    - path: metrics.json
      hash: md5
      md5: baa625e9b4cbb459c503bdd0e846c64e
      size: 58
    - path: models/best_model.pkl
      hash: md5
      md5: c6dff67ce759b45e8992d7e62f404a8f
      size: 702124
  fetch:
    cmd: python -m src.data.fetch_data
    deps:
    - path: params.yaml
      hash: md5
      md5: 93ac0c06691be3ff485c9434b4aff5ec
      size: 1184
    - path: src/data/fetch_data.py
      hash: md5
      md5: 940c02a2a2c708eb54f849b6ba20006f
      size: 8184
    outs:
    - path: data/raw/news.csv
      hash: md5
      md5: e8d518e6bf44e68d0c897e4e54fc5a04
      size: 12496
  predict:
    cmd: python -m src.models.predict
    deps:
    - path: data/raw/news.csv
      hash: md5
      md5: e8d518e6bf44e68d0c897e4e54fc5a04
      size: 12496
    - path: models/best_model.pkl
      hash: md5
      md5: c6dff67ce759b45e8992d7e62f404a8f
      size: 702124
    - path: src/models/predict.py
      hash: md5
      md5: a408b2e66f83a896716dbe1fabb9b543
      size: 5546
    outs:
    - path: data/processed/predictions.csv
      hash: md5
      md5: 33d7e5de19d8f1728d70d58c1e5e17d6
      size: 15953
    - path: reports/prediction_stats.json
      hash: md5
      md5: 6ed086fffe8da4d9c89251bd3cbf3fe9
      size: 224
